{
    "_readme": [
        "This file locks the dependencies of your project to a known state",
        "Read more about it at https://getcomposer.org/doc/01-basic-usage.md#installing-dependencies",
        "This file is @generated automatically"
    ],
    "content-hash": "05b3e418749d477bc2b997528661e827",
    "packages": [
        {
            "name": "boolfly/module-momo-wallet",
            "version": "v1.0.2",
            "source": {
                "type": "git",
                "url": "https://github.com/boolfly/momo-wallet.git",
                "reference": "d199de8849bb436c1441120dd9c714b9bfc2ea3b"
            },
            "dist": {
                "type": "zip",
                "url": "https://api.github.com/repos/boolfly/momo-wallet/zipball/d199de8849bb436c1441120dd9c714b9bfc2ea3b",
                "reference": "d199de8849bb436c1441120dd9c714b9bfc2ea3b",
                "shasum": ""
            },
            "require": {
                "php": "~7.1.3||~7.2.0||~7.3.0"
            },
            "type": "magento2-module",
            "autoload": {
                "files": [
                    "registration.php"
                ],
                "psr-4": {
                    "Boolfly\\MomoWallet\\": ""
                }
            },
            "notification-url": "https://packagist.org/downloads/",
            "license": [
                "OSL-3.0",
                "AFL-3.0"
            ],
            "description": "Momo Wallet Payment Gateway",
            "time": "2020-04-22T07:50:42+00:00"
        }
    ],
    "packages-dev": [],
    "aliases": [],
    "minimum-stability": "stable",
    "stability-flags": [],
    "prefer-stable": false,
    "prefer-lowest": false,
    "platform": [],
    "platform-dev": [],
    "plugin-api-version": "1.1.0"
}
